<?xml version="1.0" encoding="UTF-8" standalone="yes" ?>
<CodeBlocks_project_file>
	<FileVersion major="1" minor="6" />
	<Project>
		<Option title="RPG" />
		<Option pch_mode="2" />
		<Option compiler="gcc" />
		<Option virtualFolders="source\system\states\;source\system\;" />
		<Build>
			<Target title="Debug">
				<Option output="bin/Debug/RPG" prefix_auto="1" extension_auto="1" />
				<Option object_output="obj/Debug/" />
				<Option type="1" />
				<Option compiler="gcc" />
				<Compiler>
					<Add option="-g" />
					<Add directory="source" />
					<Add directory="$(#sfml2.include)" />
					<Add directory="$(#box2d.include)" />
					<Add directory="$(#gz.include)" />
					<Add directory="source/video" />
					<Add directory="source/objects" />
					<Add directory="source/video/particles" />
					<Add directory="source/system" />
					<Add directory="source/utils" />
					<Add directory="source/system/states" />
				</Compiler>
				<Linker>
					<Add library="sfml-audio-2" />
					<Add library="sfml-graphics-2" />
					<Add library="sfml-window-2" />
					<Add library="sfml-system-2" />
					<Add library="sfml-network-2" />
					<Add library="Box2D" />
					<Add directory="$(#sfml2.lib)" />
					<Add directory="$(#box2d.lib)" />
				</Linker>
			</Target>
			<Target title="Release">
				<Option output="bin/Release/RPG" prefix_auto="1" extension_auto="1" />
				<Option object_output="obj/Release/" />
				<Option type="1" />
				<Option compiler="gcc" />
				<Compiler>
					<Add option="-O2" />
					<Add directory="source" />
					<Add directory="$(#sfml2.include)" />
					<Add directory="$(#box2d.include)" />
					<Add directory="$(#gz.include)" />
					<Add directory="source/objects" />
					<Add directory="source/system/states" />
					<Add directory="source/video" />
					<Add directory="source/video/particles" />
					<Add directory="source/system" />
					<Add directory="source/utils" />
				</Compiler>
				<Linker>
					<Add option="-s" />
					<Add library="sfml-audio-2" />
					<Add library="sfml-graphics-2" />
					<Add library="sfml-window-2" />
					<Add library="sfml-system-2" />
					<Add library="sfml-network-2" />
					<Add library="Box2D" />
					<Add directory="$(#sfml2.lib)" />
					<Add directory="$(#box2d.lib)" />
				</Linker>
			</Target>
		</Build>
		<Compiler>
			<Add option="-std=c++11" />
			<Add option="-Wall" />
			<Add option="-fexceptions" />
		</Compiler>
		<Unit filename="main.cpp" />
		<Unit filename="source/animation/Animation.cpp" />
		<Unit filename="source/animation/Animation.h" />
		<Unit filename="source/animation/AnimationInstruction.cpp" />
		<Unit filename="source/animation/AnimationInstruction.h" />
		<Unit filename="source/animation/AnimationManager.cpp" />
		<Unit filename="source/animation/AnimationManager.h" />
		<Unit filename="source/bezier/BezierPath.cpp" />
		<Unit filename="source/bezier/BezierPath.h" />
		<Unit filename="source/consts.h" />
		<Unit filename="source/dependencies.h" />
		<Unit filename="source/enums.h" />
		<Unit filename="source/general.h" />
		<Unit filename="source/objects/Hole.cpp" />
		<Unit filename="source/objects/Hole.h" />
		<Unit filename="source/objects/Laser.cpp" />
		<Unit filename="source/objects/Laser.h" />
		<Unit filename="source/objects/Object.cpp" />
		<Unit filename="source/objects/Object.h" />
		<Unit filename="source/objects/ObjectManager.cpp" />
		<Unit filename="source/objects/ObjectManager.h" />
		<Unit filename="source/objects/Obstacle.cpp" />
		<Unit filename="source/objects/Obstacle.h" />
		<Unit filename="source/objects/Player.cpp" />
		<Unit filename="source/objects/Player.h" />
		<Unit filename="source/objects/Toggle.cpp" />
		<Unit filename="source/objects/Toggle.h" />
		<Unit filename="source/objects/Wall.cpp" />
		<Unit filename="source/objects/Wall.h" />
		<Unit filename="source/objects/gObject.cpp" />
		<Unit filename="source/objects/gObject.h" />
		<Unit filename="source/physics/ContactListener.cpp" />
		<Unit filename="source/physics/ContactListener.h" />
		<Unit filename="source/physics/PhysicsFactory.cpp" />
		<Unit filename="source/physics/PhysicsFactory.h" />
		<Unit filename="source/physics/debug/VisualDebugger.cpp" />
		<Unit filename="source/physics/debug/VisualDebugger.h" />
		<Unit filename="source/structs.h" />
		<Unit filename="source/system/AssetManager.cpp" />
		<Unit filename="source/system/AssetManager.h" />
		<Unit filename="source/system/AudioManager.cpp" />
		<Unit filename="source/system/AudioManager.h" />
		<Unit filename="source/system/Engine.cpp" />
		<Unit filename="source/system/Engine.h">
			<Option virtualFolder="source/system/" />
		</Unit>
		<Unit filename="source/system/GameData.cpp" />
		<Unit filename="source/system/GameData.h" />
		<Unit filename="source/system/InputHandler.cpp" />
		<Unit filename="source/system/InputHandler.h" />
		<Unit filename="source/system/Settings.cpp" />
		<Unit filename="source/system/Settings.h" />
		<Unit filename="source/system/states/IState.h" />
		<Unit filename="source/system/states/StateGame.cpp" />
		<Unit filename="source/system/states/StateGame.h" />
		<Unit filename="source/system/states/StateMenu.cpp" />
		<Unit filename="source/system/states/StateMenu.h" />
		<Unit filename="source/system/states/StateMenu2.cpp" />
		<Unit filename="source/system/states/StateMenu2.h" />
		<Unit filename="source/utils/Interpolator.cpp" />
		<Unit filename="source/utils/Interpolator.h" />
		<Unit filename="source/utils/LinkedList.cpp" />
		<Unit filename="source/utils/LinkedList.h" />
		<Unit filename="source/utils/LoopInterpolator.cpp" />
		<Unit filename="source/utils/LoopInterpolator.h" />
		<Unit filename="source/utils/Utils.cpp" />
		<Unit filename="source/utils/Utils.h" />
		<Unit filename="source/utils/Vector2.cpp" />
		<Unit filename="source/utils/Vector2.h" />
		<Unit filename="source/utils/gzClock.cpp" />
		<Unit filename="source/utils/gzClock.h" />
		<Unit filename="source/utils/tinyxml2.cpp" />
		<Unit filename="source/utils/tinyxml2.h" />
		<Unit filename="source/video/AchievementBar.cpp" />
		<Unit filename="source/video/AchievementBar.h" />
		<Unit filename="source/video/Background.cpp" />
		<Unit filename="source/video/Background.h" />
		<Unit filename="source/video/Camera.cpp" />
		<Unit filename="source/video/Camera.h" />
		<Unit filename="source/video/ProgressScreen.cpp" />
		<Unit filename="source/video/ProgressScreen.h" />
		<Unit filename="source/video/Trail.cpp" />
		<Unit filename="source/video/Trail.h" />
		<Unit filename="source/video/particles/BounceEmitter.cpp" />
		<Unit filename="source/video/particles/BounceEmitter.h" />
		<Unit filename="source/video/particles/BounceParticle.cpp" />
		<Unit filename="source/video/particles/BounceParticle.h" />
		<Unit filename="source/video/particles/ExplodeEmitter.cpp" />
		<Unit filename="source/video/particles/ExplodeEmitter.h" />
		<Unit filename="source/video/particles/ExplodeParticle.cpp" />
		<Unit filename="source/video/particles/ExplodeParticle.h" />
		<Unit filename="source/video/particles/ExplosionParticle.cpp" />
		<Unit filename="source/video/particles/ExplosionParticle.h" />
		<Unit filename="source/video/particles/IParticle.h" />
		<Unit filename="source/video/particles/Particle.cpp" />
		<Unit filename="source/video/particles/Particle.h" />
		<Unit filename="source/video/particles/ParticleEmitter.cpp" />
		<Unit filename="source/video/particles/ParticleEmitter.h" />
		<Unit filename="source/video/particles/SparkParticle.cpp" />
		<Unit filename="source/video/particles/SparkParticle.h" />
		<Unit filename="source/video/particles/SparksEmitter.cpp" />
		<Unit filename="source/video/particles/SparksEmitter.h" />
		<Unit filename="source/video/sfColor.cpp" />
		<Unit filename="source/video/sfColor.h" />
		<Unit filename="source/video/sfFont.cpp" />
		<Unit filename="source/video/sfFont.h" />
		<Unit filename="source/video/sfFontRenderer.cpp" />
		<Unit filename="source/video/sfFontRenderer.h" />
		<Extensions>
			<code_completion />
			<envvars />
			<debugger />
			<lib_finder disable_auto="1" />
		</Extensions>
	</Project>
</CodeBlocks_project_file>
